
Microsoft Visual Studio Solution File, Format Version 12.00
# Visual Studio 2013
VisualStudioVersion = 12.0.21005.1
MinimumVisualStudioVersion = 10.0.40219.1
Project("{FAE04EC0-301F-11D3-BF4B-00C04F79EFBC}") = "CustomarQueueManagmentApp", "CustomarQueueManagmentApp\CustomarQueueManagmentApp.csproj", "{FD78C924-0643-462C-83C7-874DBEFF8786}"
EndProject
Global
	GlobalSection(SolutionConfigurationPlatforms) = preSolution
		Debug|Any CPU = Debug|Any CPU
		Release|Any CPU = Release|Any CPU
	EndGlobalSection
	GlobalSection(ProjectConfigurationPlatforms) = postSolution
		{FD78C924-0643-462C-83C7-874DBEFF8786}.Debug|Any CPU.ActiveCfg = Debug|Any CPU
		{FD78C924-0643-462C-83C7-874DBEFF8786}.Debug|Any CPU.Build.0 = Debug|Any CPU
		{FD78C924-0643-462C-83C7-874DBEFF8786}.Release|Any CPU.ActiveCfg = Release|Any CPU
		{FD78C924-0643-462C-83C7-874DBEFF8786}.Release|Any CPU.Build.0 = Release|Any CPU
	EndGlobalSection
	GlobalSection(SolutionProperties) = preSolution
		HideSolutionNode = FALSE
	EndGlobalSection
EndGlobal
