
Microsoft Visual Studio Solution File, Format Version 12.00
# Visual Studio 2013
VisualStudioVersion = 12.0.21005.1
MinimumVisualStudioVersion = 10.0.40219.1
Project("{FAE04EC0-301F-11D3-BF4B-00C04F79EFBC}") = "WindowsFormsAppStudentInfoList", "WindowsFormsAppStudentInfoList\WindowsFormsAppStudentInfoList.csproj", "{CA23D655-531C-455C-866F-5A2E0F1B9F0B}"
EndProject
Global
	GlobalSection(SolutionConfigurationPlatforms) = preSolution
		Debug|Any CPU = Debug|Any CPU
		Release|Any CPU = Release|Any CPU
	EndGlobalSection
	GlobalSection(ProjectConfigurationPlatforms) = postSolution
		{CA23D655-531C-455C-866F-5A2E0F1B9F0B}.Debug|Any CPU.ActiveCfg = Debug|Any CPU
		{CA23D655-531C-455C-866F-5A2E0F1B9F0B}.Debug|Any CPU.Build.0 = Debug|Any CPU
		{CA23D655-531C-455C-866F-5A2E0F1B9F0B}.Release|Any CPU.ActiveCfg = Release|Any CPU
		{CA23D655-531C-455C-866F-5A2E0F1B9F0B}.Release|Any CPU.Build.0 = Release|Any CPU
	EndGlobalSection
	GlobalSection(SolutionProperties) = preSolution
		HideSolutionNode = FALSE
	EndGlobalSection
EndGlobal
